
Microsoft Visual Studio Solution File, Format Version 11.00
# Visual Studio 2010
Project("{FAE04EC0-301F-11D3-BF4B-00C04F79EFBC}") = "AlexFMS.BusinessRules", "AlexFMS.BusinessRules.csproj", "{1F4C8AC6-C6EA-4257-B381-44731AED3C0E}"
EndProject
Global
	GlobalSection(SolutionConfigurationPlatforms) = preSolution
		Debug|Any CPU = Debug|Any CPU
		Release|Any CPU = Release|Any CPU
	EndGlobalSection
	GlobalSection(ProjectConfigurationPlatforms) = postSolution
		{1F4C8AC6-C6EA-4257-B381-44731AED3C0E}.Debug|Any CPU.ActiveCfg = Debug|Any CPU
		{1F4C8AC6-C6EA-4257-B381-44731AED3C0E}.Debug|Any CPU.Build.0 = Debug|Any CPU
		{1F4C8AC6-C6EA-4257-B381-44731AED3C0E}.Release|Any CPU.ActiveCfg = Release|Any CPU
		{1F4C8AC6-C6EA-4257-B381-44731AED3C0E}.Release|Any CPU.Build.0 = Release|Any CPU
	EndGlobalSection
	GlobalSection(SolutionProperties) = preSolution
		HideSolutionNode = FALSE
	EndGlobalSection
EndGlobal
